
Microsoft Visual Studio Solution File, Format Version 12.00
# Visual Studio 2012
Project("{8BC9CEB8-8B4A-11D0-8D11-00A0C91BC942}") = "MultipleBoxes", "MultipleBoxes.vcxproj", "{0F7F70ED-7467-48B3-B83F-AE55ADFF7506}"
EndProject
Global
	GlobalSection(SolutionConfigurationPlatforms) = preSolution
		Debug|Win32 = Debug|Win32
		Release|Win32 = Release|Win32
	EndGlobalSection
	GlobalSection(ProjectConfigurationPlatforms) = postSolution
		{0F7F70ED-7467-48B3-B83F-AE55ADFF7506}.Debug|Win32.ActiveCfg = Debug|Win32
		{0F7F70ED-7467-48B3-B83F-AE55ADFF7506}.Debug|Win32.Build.0 = Debug|Win32
		{0F7F70ED-7467-48B3-B83F-AE55ADFF7506}.Release|Win32.ActiveCfg = Release|Win32
		{0F7F70ED-7467-48B3-B83F-AE55ADFF7506}.Release|Win32.Build.0 = Release|Win32
	EndGlobalSection
	GlobalSection(SolutionProperties) = preSolution
		HideSolutionNode = FALSE
	EndGlobalSection
EndGlobal
