
Microsoft Visual Studio Solution File, Format Version 12.00
# Visual Studio 2012
Project("{8BC9CEB8-8B4A-11D0-8D11-00A0C91BC942}") = "Picking", "Picking.vcxproj", "{265BE929-8118-4EC3-97D0-DC561E86C98D}"
EndProject
Global
	GlobalSection(SolutionConfigurationPlatforms) = preSolution
		Debug|Win32 = Debug|Win32
		Release|Win32 = Release|Win32
	EndGlobalSection
	GlobalSection(ProjectConfigurationPlatforms) = postSolution
		{265BE929-8118-4EC3-97D0-DC561E86C98D}.Debug|Win32.ActiveCfg = Debug|Win32
		{265BE929-8118-4EC3-97D0-DC561E86C98D}.Debug|Win32.Build.0 = Debug|Win32
		{265BE929-8118-4EC3-97D0-DC561E86C98D}.Release|Win32.ActiveCfg = Release|Win32
		{265BE929-8118-4EC3-97D0-DC561E86C98D}.Release|Win32.Build.0 = Release|Win32
	EndGlobalSection
	GlobalSection(SolutionProperties) = preSolution
		HideSolutionNode = FALSE
	EndGlobalSection
EndGlobal
